// !$*UTF8*$!
{
	archiveVersion = 1;
	classes = {
	};
	objectVersion = 46;
	objects = {

/* Begin PBXBuildFile section */
		B653ED0C1C02CC1F00414BCC /* main.m in Sources */ = {isa = PBXBuildFile; fileRef = B653ED0B1C02CC1F00414BCC /* main.m */; };
		B653ED0F1C02CC1F00414BCC /* AppDelegate.m in Sources */ = {isa = PBXBuildFile; fileRef = B653ED0E1C02CC1F00414BCC /* AppDelegate.m */; };
		B653ED121C02CC1F00414BCC /* ViewController.m in Sources */ = {isa = PBXBuildFile; fileRef = B653ED111C02CC1F00414BCC /* ViewController.m */; };
		B653ED151C02CC1F00414BCC /* Main.storyboard in Resources */ = {isa = PBXBuildFile; fileRef = B653ED131C02CC1F00414BCC /* Main.storyboard */; };
		B653ED171C02CC1F00414BCC /* Assets.xcassets in Resources */ = {isa = PBXBuildFile; fileRef = B653ED161C02CC1F00414BCC /* Assets.xcassets */; };
		B653ED1A1C02CC1F00414BCC /* LaunchScreen.storyboard in Resources */ = {isa = PBXBuildFile; fileRef = B653ED181C02CC1F00414BCC /* LaunchScreen.storyboard */; };
		B653ED251C02CC1F00414BCC /* FactsAppTests.m in Sources */ = {isa = PBXBuildFile; fileRef = B653ED241C02CC1F00414BCC /* FactsAppTests.m */; };
		B653ED301C02CC1F00414BCC /* FactsAppUITests.m in Sources */ = {isa = PBXBuildFile; fileRef = B653ED2F1C02CC1F00414BCC /* FactsAppUITests.m */; };
/* End PBXBuildFile section */

/* Begin PBXContainerItemProxy section */
		B653ED211C02CC1F00414BCC /* PBXContainerItemProxy */ = {
			isa = PBXContainerItemProxy;
			containerPortal = B653ECFF1C02CC1F00414BCC /* Project object */;
			proxyType = 1;
			remoteGlobalIDString = B653ED061C02CC1F00414BCC;
			remoteInfo = FactsApp;
		};
		B653ED2C1C02CC1F00414BCC /* PBXContainerItemProxy */ = {
			isa = PBXContainerItemProxy;
			containerPortal = B653ECFF1C02CC1F00414BCC /* Project object */;
			proxyType = 1;
			remoteGlobalIDString = B653ED061C02CC1F00414BCC;
			remoteInfo = FactsApp;
		};
/* End PBXContainerItemProxy section */

/* Begin PBXFileReference section */
		B653ED071C02CC1F00414BCC /* FactsApp.app */ = {isa = PBXFileReference; explicitFileType = wrapper.application; includeInIndex = 0; path = FactsApp.app; sourceTree = BUILT_PRODUCTS_DIR; };
		B653ED0B1C02CC1F00414BCC /* main.m */ = {isa = PBXFileReference; lastKnownFileType = sourcecode.c.objc; path = main.m; sourceTree = "<group>"; };
		B653ED0D1C02CC1F00414BCC /* AppDelegate.h */ = {isa = PBXFileReference; lastKnownFileType = sourcecode.c.h; path = AppDelegate.h; sourceTree = "<group>"; };
		B653ED0E1C02CC1F00414BCC /* AppDelegate.m */ = {isa = PBXFileReference; lastKnownFileType = sourcecode.c.objc; path = AppDelegate.m; sourceTree = "<group>"; };
		B653ED101C02CC1F00414BCC /* ViewController.h */ = {isa = PBXFileReference; lastKnownFileType = sourcecode.c.h; path = ViewController.h; sourceTree = "<group>"; };
		B653ED111C02CC1F00414BCC /* ViewController.m */ = {isa = PBXFileReference; lastKnownFileType = sourcecode.c.objc; path = ViewController.m; sourceTree = "<group>"; };
		B653ED141C02CC1F00414BCC /* Base */ = {isa = PBXFileReference; lastKnownFileType = file.storyboard; name = Base; path = Base.lproj/Main.storyboard; sourceTree = "<group>"; };
		B653ED161C02CC1F00414BCC /* Assets.xcassets */ = {isa = PBXFileReference; lastKnownFileType = folder.assetcatalog; path = Assets.xcassets; sourceTree = "<group>"; };
		B653ED191C02CC1F00414BCC /* Base */ = {isa = PBXFileReference; lastKnownFileType = file.storyboard; name = Base; path = Base.lproj/LaunchScreen.storyboard; sourceTree = "<group>"; };
		B653ED1B1C02CC1F00414BCC /* Info.plist */ = {isa = PBXFileReference; lastKnownFileType = text.plist.xml; path = Info.plist; sourceTree = "<group>"; };
		B653ED201C02CC1F00414BCC /* FactsAppTests.xctest */ = {isa = PBXFileReference; explicitFileType = wrapper.cfbundle; includeInIndex = 0; path = FactsAppTests.xctest; sourceTree = BUILT_PRODUCTS_DIR; };
		B653ED241C02CC1F00414BCC /* FactsAppTests.m */ = {isa = PBXFileReference; lastKnownFileType = sourcecode.c.objc; path = FactsAppTests.m; sourceTree = "<group>"; };
		B653ED261C02CC1F00414BCC /* Info.plist */ = {isa = PBXFileReference; lastKnownFileType = text.plist.xml; path = Info.plist; sourceTree = "<group>"; };
		B653ED2B1C02CC1F00414BCC /* FactsAppUITests.xctest */ = {isa = PBXFileReference; explicitFileType = wrapper.cfbundle; includeInIndex = 0; path = FactsAppUITests.xctest; sourceTree = BUILT_PRODUCTS_DIR; };
		B653ED2F1C02CC1F00414BCC /* FactsAppUITests.m */ = {isa = PBXFileReference; lastKnownFileType = sourcecode.c.objc; path = FactsAppUITests.m; sourceTree = "<group>"; };
		B653ED311C02CC1F00414BCC /* Info.plist */ = {isa = PBXFileReference; lastKnownFileType = text.plist.xml; path = Info.plist; sourceTree = "<group>"; };
/* End PBXFileReference section */

/* Begin PBXFrameworksBuildPhase section */
		B653ED041C02CC1F00414BCC /* Frameworks */ = {
			isa = PBXFrameworksBuildPhase;
			buildActionMask = 2147483647;
			files = (
			);
			runOnlyForDeploymentPostprocessing = 0;
		};
		B653ED1D1C02CC1F00414BCC /* Frameworks */ = {
			isa = PBXFrameworksBuildPhase;
			buildActionMask = 2147483647;
			files = (
			);
			runOnlyForDeploymentPostprocessing = 0;
		};
		B653ED281C02CC1F00414BCC /* Frameworks */ = {
			isa = PBXFrameworksBuildPhase;
			buildActionMask = 2147483647;
			files = (
			);
			runOnlyForDeploymentPostprocessing = 0;
		};
/* End PBXFrameworksBuildPhase section */

/* Begin PBXGroup section */
		B653ECFE1C02CC1F00414BCC = {
			isa = PBXGroup;
			children = (
				B653ED091C02CC1F00414BCC /* FactsApp */,
				B653ED231C02CC1F00414BCC /* FactsAppTests */,
				B653ED2E1C02CC1F00414BCC /* FactsAppUITests */,
				B653ED081C02CC1F00414BCC /* Products */,
			);
			sourceTree = "<group>";
		};
		B653ED081C02CC1F00414BCC /* Products */ = {
			isa = PBXGroup;
			children = (
				B653ED071C02CC1F00414BCC /* FactsApp.app */,
				B653ED201C02CC1F00414BCC /* FactsAppTests.xctest */,
				B653ED2B1C02CC1F00414BCC /* FactsAppUITests.xctest */,
			);
			name = Products;
			sourceTree = "<group>";
		};
		B653ED091C02CC1F00414BCC /* FactsApp */ = {
			isa = PBXGroup;
			children = (
				B653ED0D1C02CC1F00414BCC /* AppDelegate.h */,
				B653ED0E1C02CC1F00414BCC /* AppDelegate.m */,
				B653ED101C02CC1F00414BCC /* ViewController.h */,
				B653ED111C02CC1F00414BCC /* ViewController.m */,
				B653ED131C02CC1F00414BCC /* Main.storyboard */,
				B653ED161C02CC1F00414BCC /* Assets.xcassets */,
				B653ED181C02CC1F00414BCC /* LaunchScreen.storyboard */,
				B653ED1B1C02CC1F00414BCC /* Info.plist */,
				B653ED0A1C02CC1F00414BCC /* Supporting Files */,
			);
			path = FactsApp;
			sourceTree = "<group>";
		};
		B653ED0A1C02CC1F00414BCC /* Supporting Files */ = {
			isa = PBXGroup;
			children = (
				B653ED0B1C02CC1F00414BCC /* main.m */,
			);
			name = "Supporting Files";
			sourceTree = "<group>";
		};
		B653ED231C02CC1F00414BCC /* FactsAppTests */ = {
			isa = PBXGroup;
			children = (
				B653ED241C02CC1F00414BCC /* FactsAppTests.m */,
				B653ED261C02CC1F00414BCC /* Info.plist */,
			);
			path = FactsAppTests;
			sourceTree = "<group>";
		};
		B653ED2E1C02CC1F00414BCC /* FactsAppUITests */ = {
			isa = PBXGroup;
			children = (
				B653ED2F1C02CC1F00414BCC /* FactsAppUITests.m */,
				B653ED311C02CC1F00414BCC /* Info.plist */,
			);
			path = FactsAppUITests;
			sourceTree = "<group>";
		};
/* End PBXGroup section */

/* Begin PBXNativeTarget section */
		B653ED061C02CC1F00414BCC /* FactsApp */ = {
			isa = PBXNativeTarget;
			buildConfigurationList = B653ED341C02CC1F00414BCC /* Build configuration list for PBXNativeTarget "FactsApp" */;
			buildPhases = (
				B653ED031C02CC1F00414BCC /* Sources */,
				B653ED041C02CC1F00414BCC /* Frameworks */,
				B653ED051C02CC1F00414BCC /* Resources */,
			);
			buildRules = (
			);
			dependencies = (
			);
			name = FactsApp;
			productName = FactsApp;
			productReference = B653ED071C02CC1F00414BCC /* FactsApp.app */;
			productType = "com.apple.product-type.application";
		};
		B653ED1F1C02CC1F00414BCC /* FactsAppTests */ = {
			isa = PBXNativeTarget;
			buildConfigurationList = B653ED371C02CC1F00414BCC /* Build configuration list for PBXNativeTarget "FactsAppTests" */;
			buildPhases = (
				B653ED1C1C02CC1F00414BCC /* Sources */,
				B653ED1D1C02CC1F00414BCC /* Frameworks */,
				B653ED1E1C02CC1F00414BCC /* Resources */,
			);
			buildRules = (
			);
			dependencies = (
				B653ED221C02CC1F00414BCC /* PBXTargetDependency */,
			);
			name = FactsAppTests;
			productName = FactsAppTests;
			productReference = B653ED201C02CC1F00414BCC /* FactsAppTests.xctest */;
			productType = "com.apple.product-type.bundle.unit-test";
		};
		B653ED2A1C02CC1F00414BCC /* FactsAppUITests */ = {
			isa = PBXNativeTarget;
			buildConfigurationList = B653ED3A1C02CC1F00414BCC /* Build configuration list for PBXNativeTarget "FactsAppUITests" */;
			buildPhases = (
				B653ED271C02CC1F00414BCC /* Sources */,
				B653ED281C02CC1F00414BCC /* Frameworks */,
				B653ED291C02CC1F00414BCC /* Resources */,
			);
			buildRules = (
			);
			dependencies = (
				B653ED2D1C02CC1F00414BCC /* PBXTargetDependency */,
			);
			name = FactsAppUITests;
			productName = FactsAppUITests;
			productReference = B653ED2B1C02CC1F00414BCC /* FactsAppUITests.xctest */;
			productType = "com.apple.product-type.bundle.ui-testing";
		};
/* End PBXNativeTarget section */

/* Begin PBXProject section */
		B653ECFF1C02CC1F00414BCC /* Project object */ = {
			isa = PBXProject;
			attributes = {
				LastUpgradeCheck = 0710;
				ORGANIZATIONNAME = "TechnoMac  6";
				TargetAttributes = {
					B653ED061C02CC1F00414BCC = {
						CreatedOnToolsVersion = 7.1;
					};
					B653ED1F1C02CC1F00414BCC = {
						CreatedOnToolsVersion = 7.1;
						TestTargetID = B653ED061C02CC1F00414BCC;
					};
					B653ED2A1C02CC1F00414BCC = {
						CreatedOnToolsVersion = 7.1;
						TestTargetID = B653ED061C02CC1F00414BCC;
					};
				};
			};
			buildConfigurationList = B653ED021C02CC1F00414BCC /* Build configuration list for PBXProject "FactsApp" */;
			compatibilityVersion = "Xcode 3.2";
			developmentRegion = English;
			hasScannedForEncodings = 0;
			knownRegions = (
				en,
				Base,
			);
			mainGroup = B653ECFE1C02CC1F00414BCC;
			productRefGroup = B653ED081C02CC1F00414BCC /* Products */;
			projectDirPath = "";
			projectRoot = "";
			targets = (
				B653ED061C02CC1F00414BCC /* FactsApp */,
				B653ED1F1C02CC1F00414BCC /* FactsAppTests */,
				B653ED2A1C02CC1F00414BCC /* FactsAppUITests */,
			);
		};
/* End PBXProject section */

/* Begin PBXResourcesBuildPhase section */
		B653ED051C02CC1F00414BCC /* Resources */ = {
			isa = PBXResourcesBuildPhase;
			buildActionMask = 2147483647;
			files = (
				B653ED1A1C02CC1F00414BCC /* LaunchScreen.storyboard in Resources */,
				B653ED171C02CC1F00414BCC /* Assets.xcassets in Resources */,
				B653ED151C02CC1F00414BCC /* Main.storyboard in Resources */,
			);
			runOnlyForDeploymentPostprocessing = 0;
		};
		B653ED1E1C02CC1F00414BCC /* Resources */ = {
			isa = PBXResourcesBuildPhase;
			buildActionMask = 2147483647;
			files = (
			);
			runOnlyForDeploymentPostprocessing = 0;
		};
		B653ED291C02CC1F00414BCC /* Resources */ = {
			isa = PBXResourcesBuildPhase;
			buildActionMask = 2147483647;
			files = (
			);
			runOnlyForDeploymentPostprocessing = 0;
		};
/* End PBXResourcesBuildPhase section */

/* Begin PBXSourcesBuildPhase section */
		B653ED031C02CC1F00414BCC /* Sources */ = {
			isa = PBXSourcesBuildPhase;
			buildActionMask = 2147483647;
			files = (
				B653ED121C02CC1F00414BCC /* ViewController.m in Sources */,
				B653ED0F1C02CC1F00414BCC /* AppDelegate.m in Sources */,
				B653ED0C1C02CC1F00414BCC /* main.m in Sources */,
			);
			runOnlyForDeploymentPostprocessing = 0;
		};
		B653ED1C1C02CC1F00414BCC /* Sources */ = {
			isa = PBXSourcesBuildPhase;
			buildActionMask = 2147483647;
			files = (
				B653ED251C02CC1F00414BCC /* FactsAppTests.m in Sources */,
			);
			runOnlyForDeploymentPostprocessing = 0;
		};
		B653ED271C02CC1F00414BCC /* Sources */ = {
			isa = PBXSourcesBuildPhase;
			buildActionMask = 2147483647;
			files = (
				B653ED301C02CC1F00414BCC /* FactsAppUITests.m in Sources */,
			);
			runOnlyForDeploymentPostprocessing = 0;
		};
/* End PBXSourcesBuildPhase section */

/* Begin PBXTargetDependency section */
		B653ED221C02CC1F00414BCC /* PBXTargetDependency */ = {
			isa = PBXTargetDependency;
			target = B653ED061C02CC1F00414BCC /* FactsApp */;
			targetProxy = B653ED211C02CC1F00414BCC /* PBXContainerItemProxy */;
		};
		B653ED2D1C02CC1F00414BCC /* PBXTargetDependency */ = {
			isa = PBXTargetDependency;
			target = B653ED061C02CC1F00414BCC /* FactsApp */;
			targetProxy = B653ED2C1C02CC1F00414BCC /* PBXContainerItemProxy */;
		};
/* End PBXTargetDependency section */

/* Begin PBXVariantGroup section */
		B653ED131C02CC1F00414BCC /* Main.storyboard */ = {
			isa = PBXVariantGroup;
			children = (
				B653ED141C02CC1F00414BCC /* Base */,
			);
			name = Main.storyboard;
			sourceTree = "<group>";
		};
		B653ED181C02CC1F00414BCC /* LaunchScreen.storyboard */ = {
			isa = PBXVariantGroup;
			children = (
				B653ED191C02CC1F00414BCC /* Base */,
			);
			name = LaunchScreen.storyboard;
			sourceTree = "<group>";
		};
/* End PBXVariantGroup section */

/* Begin XCBuildConfiguration section */
		B653ED321C02CC1F00414BCC /* Debug */ = {
			isa = XCBuildConfiguration;
			buildSettings = {
				ALWAYS_SEARCH_USER_PATHS = NO;
				CLANG_CXX_LANGUAGE_STANDARD = "gnu++0x";
				CLANG_CXX_LIBRARY = "libc++";
				CLANG_ENABLE_MODULES = YES;
				CLANG_ENABLE_OBJC_ARC = YES;
				CLANG_WARN_BOOL_CONVERSION = YES;
				CLANG_WARN_CONSTANT_CONVERSION = YES;
				CLANG_WARN_DIRECT_OBJC_ISA_USAGE = YES_ERROR;
				CLANG_WARN_EMPTY_BODY = YES;
				CLANG_WARN_ENUM_CONVERSION = YES;
				CLANG_WARN_INT_CONVERSION = YES;
				CLANG_WARN_OBJC_ROOT_CLASS = YES_ERROR;
				CLANG_WARN_UNREACHABLE_CODE = YES;
				CLANG_WARN__DUPLICATE_METHOD_MATCH = YES;
				"CODE_SIGN_IDENTITY[sdk=iphoneos*]" = "iPhone Developer";
				COPY_PHASE_STRIP = NO;
				DEBUG_INFORMATION_FORMAT = dwarf;
				ENABLE_STRICT_OBJC_MSGSEND = YES;
				ENABLE_TESTABILITY = YES;
				GCC_C_LANGUAGE_STANDARD = gnu99;
				GCC_DYNAMIC_NO_PIC = NO;
				GCC_NO_COMMON_BLOCKS = YES;
				GCC_OPTIMIZATION_LEVEL = 0;
				GCC_PREPROCESSOR_DEFINITIONS = (
					"DEBUG=1",
					"$(inherited)",
				);
				GCC_WARN_64_TO_32_BIT_CONVERSION = YES;
				GCC_WARN_ABOUT_RETURN_TYPE = YES_ERROR;
				GCC_WARN_UNDECLARED_SELECTOR = YES;
				GCC_WARN_UNINITIALIZED_AUTOS = YES_AGGRESSIVE;
				GCC_WARN_UNUSED_FUNCTION = YES;
				GCC_WARN_UNUSED_VARIABLE = YES;
				IPHONEOS_DEPLOYMENT_TARGET = 9.1;
				MTL_ENABLE_DEBUG_INFO = YES;
				ONLY_ACTIVE_ARCH = YES;
				SDKROOT = iphoneos;
			};
			name = Debug;
		};
		B653ED331C02CC1F00414BCC /* Release */ = {
			isa = XCBuildConfiguration;
			buildSettings = {
				ALWAYS_SEARCH_USER_PATHS = NO;
				CLANG_CXX_LANGUAGE_STANDARD = "gnu++0x";
				CLANG_CXX_LIBRARY = "libc++";
				CLANG_ENABLE_MODULES = YES;
				CLANG_ENABLE_OBJC_ARC = YES;
				CLANG_WARN_BOOL_CONVERSION = YES;
				CLANG_WARN_CONSTANT_CONVERSION = YES;
				CLANG_WARN_DIRECT_OBJC_ISA_USAGE = YES_ERROR;
				CLANG_WARN_EMPTY_BODY = YES;
				CLANG_WARN_ENUM_CONVERSION = YES;
				CLANG_WARN_INT_CONVERSION = YES;
				CLANG_WARN_OBJC_ROOT_CLASS = YES_ERROR;
				CLANG_WARN_UNREACHABLE_CODE = YES;
				CLANG_WARN__DUPLICATE_METHOD_MATCH = YES;
				"CODE_SIGN_IDENTITY[sdk=iphoneos*]" = "iPhone Developer";
				COPY_PHASE_STRIP = NO;
				DEBUG_INFORMATION_FORMAT = "dwarf-with-dsym";
				ENABLE_NS_ASSERTIONS = NO;
				ENABLE_STRICT_OBJC_MSGSEND = YES;
				GCC_C_LANGUAGE_STANDARD = gnu99;
				GCC_NO_COMMON_BLOCKS = YES;
				GCC_WARN_64_TO_32_BIT_CONVERSION = YES;
				GCC_WARN_ABOUT_RETURN_TYPE = YES_ERROR;
				GCC_WARN_UNDECLARED_SELECTOR = YES;
				GCC_WARN_UNINITIALIZED_AUTOS = YES_AGGRESSIVE;
				GCC_WARN_UNUSED_FUNCTION = YES;
				GCC_WARN_UNUSED_VARIABLE = YES;
				IPHONEOS_DEPLOYMENT_TARGET = 9.1;
				MTL_ENABLE_DEBUG_INFO = NO;
				SDKROOT = iphoneos;
				VALIDATE_PRODUCT = YES;
			};
			name = Release;
		};
		B653ED351C02CC1F00414BCC /* Debug */ = {
			isa = XCBuildConfiguration;
			buildSettings = {
				ASSETCATALOG_COMPILER_APPICON_NAME = AppIcon;
				INFOPLIST_FILE = FactsApp/Info.plist;
				LD_RUNPATH_SEARCH_PATHS = "$(inherited) @executable_path/Frameworks";
				PRODUCT_BUNDLE_IDENTIFIER = aaa.FactsApp;
				PRODUCT_NAME = "$(TARGET_NAME)";
			};
			name = Debug;
		};
		B653ED361C02CC1F00414BCC /* Release */ = {
			isa = XCBuildConfiguration;
			buildSettings = {
				ASSETCATALOG_COMPILER_APPICON_NAME = AppIcon;
				INFOPLIST_FILE = FactsApp/Info.plist;
				LD_RUNPATH_SEARCH_PATHS = "$(inherited) @executable_path/Frameworks";
				PRODUCT_BUNDLE_IDENTIFIER = aaa.FactsApp;
				PRODUCT_NAME = "$(TARGET_NAME)";
			};
			name = Release;
		};
		B653ED381C02CC1F00414BCC /* Debug */ = {
			isa = XCBuildConfiguration;
			buildSettings = {
				BUNDLE_LOADER = "$(TEST_HOST)";
				INFOPLIST_FILE = FactsAppTests/Info.plist;
				LD_RUNPATH_SEARCH_PATHS = "$(inherited) @executable_path/Frameworks @loader_path/Frameworks";
				PRODUCT_BUNDLE_IDENTIFIER = aaa.FactsAppTests;
				PRODUCT_NAME = "$(TARGET_NAME)";
				TEST_HOST = "$(BUILT_PRODUCTS_DIR)/FactsApp.app/FactsApp";
			};
			name = Debug;
		};
		B653ED391C02CC1F00414BCC /* Release */ = {
			isa = XCBuildConfiguration;
			buildSettings = {
				BUNDLE_LOADER = "$(TEST_HOST)";
				INFOPLIST_FILE = FactsAppTests/Info.plist;
				LD_RUNPATH_SEARCH_PATHS = "$(inherited) @executable_path/Frameworks @loader_path/Frameworks";
				PRODUCT_BUNDLE_IDENTIFIER = aaa.FactsAppTests;
				PRODUCT_NAME = "$(TARGET_NAME)";
				TEST_HOST = "$(BUILT_PRODUCTS_DIR)/FactsApp.app/FactsApp";
			};
			name = Release;
		};
		B653ED3B1C02CC1F00414BCC /* Debug */ = {
			isa = XCBuildConfiguration;
			buildSettings = {
				INFOPLIST_FILE = FactsAppUITests/Info.plist;
				LD_RUNPATH_SEARCH_PATHS = "$(inherited) @executable_path/Frameworks @loader_path/Frameworks";
				PRODUCT_BUNDLE_IDENTIFIER = aaa.FactsAppUITests;
				PRODUCT_NAME = "$(TARGET_NAME)";
				TEST_TARGET_NAME = FactsApp;
				USES_XCTRUNNER = YES;
			};
			name = Debug;
		};
		B653ED3C1C02CC1F00414BCC /* Release */ = {
			isa = XCBuildConfiguration;
			buildSettings = {
				INFOPLIST_FILE = FactsAppUITests/Info.plist;
				LD_RUNPATH_SEARCH_PATHS = "$(inherited) @executable_path/Frameworks @loader_path/Frameworks";
				PRODUCT_BUNDLE_IDENTIFIER = aaa.FactsAppUITests;
				PRODUCT_NAME = "$(TARGET_NAME)";
				TEST_TARGET_NAME = FactsApp;
				USES_XCTRUNNER = YES;
			};
			name = Release;
		};
/* End XCBuildConfiguration section */

/* Begin XCConfigurationList section */
		B653ED021C02CC1F00414BCC /* Build configuration list for PBXProject "FactsApp" */ = {
			isa = XCConfigurationList;
			buildConfigurations = (
				B653ED321C02CC1F00414BCC /* Debug */,
				B653ED331C02CC1F00414BCC /* Release */,
			);
			defaultConfigurationIsVisible = 0;
			defaultConfigurationName = Release;
		};
		B653ED341C02CC1F00414BCC /* Build configuration list for PBXNativeTarget "FactsApp" */ = {
			isa = XCConfigurationList;
			buildConfigurations = (
				B653ED351C02CC1F00414BCC /* Debug */,
				B653ED361C02CC1F00414BCC /* Release */,
			);
			defaultConfigurationIsVisible = 0;
		};
		B653ED371C02CC1F00414BCC /* Build configuration list for PBXNativeTarget "FactsAppTests" */ = {
			isa = XCConfigurationList;
			buildConfigurations = (
				B653ED381C02CC1F00414BCC /* Debug */,
				B653ED391C02CC1F00414BCC /* Release */,
			);
			defaultConfigurationIsVisible = 0;
		};
		B653ED3A1C02CC1F00414BCC /* Build configuration list for PBXNativeTarget "FactsAppUITests" */ = {
			isa = XCConfigurationList;
			buildConfigurations = (
				B653ED3B1C02CC1F00414BCC /* Debug */,
				B653ED3C1C02CC1F00414BCC /* Release */,
			);
			defaultConfigurationIsVisible = 0;
		};
/* End XCConfigurationList section */
	};
	rootObject = B653ECFF1C02CC1F00414BCC /* Project object */;
}
